// !$*UTF8*$!
{
	archiveVersion = 1;
	classes = {
	};
	objectVersion = 55;
	objects = {

/* Begin PBXBuildFile section */
		DB2356DF2829EA3B00F3A253 /* AppDelegate.swift in Sources */ = {isa = PBXBuildFile; fileRef = DB2356DE2829EA3B00F3A253 /* AppDelegate.swift */; };
		DB2356E12829EA3B00F3A253 /* SceneDelegate.swift in Sources */ = {isa = PBXBuildFile; fileRef = DB2356E02829EA3B00F3A253 /* SceneDelegate.swift */; };
		DB2356E32829EA3B00F3A253 /* ViewController.swift in Sources */ = {isa = PBXBuildFile; fileRef = DB2356E22829EA3B00F3A253 /* ViewController.swift */; };
		DB2356E62829EA3B00F3A253 /* Main.storyboard in Resources */ = {isa = PBXBuildFile; fileRef = DB2356E42829EA3B00F3A253 /* Main.storyboard */; };
		DB2356E82829EA3E00F3A253 /* Assets.xcassets in Resources */ = {isa = PBXBuildFile; fileRef = DB2356E72829EA3E00F3A253 /* Assets.xcassets */; };
		DB2356EB2829EA3E00F3A253 /* LaunchScreen.storyboard in Resources */ = {isa = PBXBuildFile; fileRef = DB2356E92829EA3E00F3A253 /* LaunchScreen.storyboard */; };
		DB2356F62829EA3E00F3A253 /* iQuizTests.swift in Sources */ = {isa = PBXBuildFile; fileRef = DB2356F52829EA3E00F3A253 /* iQuizTests.swift */; };
		DB2357002829EA3E00F3A253 /* iQuizUITests.swift in Sources */ = {isa = PBXBuildFile; fileRef = DB2356FF2829EA3E00F3A253 /* iQuizUITests.swift */; };
		DB2357022829EA3E00F3A253 /* iQuizUITestsLaunchTests.swift in Sources */ = {isa = PBXBuildFile; fileRef = DB2357012829EA3E00F3A253 /* iQuizUITestsLaunchTests.swift */; };
		DB940810282A2E0600C09E7B /* TopicCell.swift in Sources */ = {isa = PBXBuildFile; fileRef = DB94080F282A2E0600C09E7B /* TopicCell.swift */; };
		DB940812282A306F00C09E7B /* TableDataAndDelegate.swift in Sources */ = {isa = PBXBuildFile; fileRef = DB940811282A306F00C09E7B /* TableDataAndDelegate.swift */; };
/* End PBXBuildFile section */

/* Begin PBXContainerItemProxy section */
		DB2356F22829EA3E00F3A253 /* PBXContainerItemProxy */ = {
			isa = PBXContainerItemProxy;
			containerPortal = DB2356D32829EA3B00F3A253 /* Project object */;
			proxyType = 1;
			remoteGlobalIDString = DB2356DA2829EA3B00F3A253;
			remoteInfo = iQuiz;
		};
		DB2356FC2829EA3E00F3A253 /* PBXContainerItemProxy */ = {
			isa = PBXContainerItemProxy;
			containerPortal = DB2356D32829EA3B00F3A253 /* Project object */;
			proxyType = 1;
			remoteGlobalIDString = DB2356DA2829EA3B00F3A253;
			remoteInfo = iQuiz;
		};
/* End PBXContainerItemProxy section */

/* Begin PBXFileReference section */
		DB2356DB2829EA3B00F3A253 /* iQuiz.app */ = {isa = PBXFileReference; explicitFileType = wrapper.application; includeInIndex = 0; path = iQuiz.app; sourceTree = BUILT_PRODUCTS_DIR; };
		DB2356DE2829EA3B00F3A253 /* AppDelegate.swift */ = {isa = PBXFileReference; lastKnownFileType = sourcecode.swift; path = AppDelegate.swift; sourceTree = "<group>"; };
		DB2356E02829EA3B00F3A253 /* SceneDelegate.swift */ = {isa = PBXFileReference; lastKnownFileType = sourcecode.swift; path = SceneDelegate.swift; sourceTree = "<group>"; };
		DB2356E22829EA3B00F3A253 /* ViewController.swift */ = {isa = PBXFileReference; lastKnownFileType = sourcecode.swift; path = ViewController.swift; sourceTree = "<group>"; };
		DB2356E52829EA3B00F3A253 /* Base */ = {isa = PBXFileReference; lastKnownFileType = file.storyboard; name = Base; path = Base.lproj/Main.storyboard; sourceTree = "<group>"; };
		DB2356E72829EA3E00F3A253 /* Assets.xcassets */ = {isa = PBXFileReference; lastKnownFileType = folder.assetcatalog; path = Assets.xcassets; sourceTree = "<group>"; };
		DB2356EA2829EA3E00F3A253 /* Base */ = {isa = PBXFileReference; lastKnownFileType = file.storyboard; name = Base; path = Base.lproj/LaunchScreen.storyboard; sourceTree = "<group>"; };
		DB2356EC2829EA3E00F3A253 /* Info.plist */ = {isa = PBXFileReference; lastKnownFileType = text.plist.xml; path = Info.plist; sourceTree = "<group>"; };
		DB2356F12829EA3E00F3A253 /* iQuizTests.xctest */ = {isa = PBXFileReference; explicitFileType = wrapper.cfbundle; includeInIndex = 0; path = iQuizTests.xctest; sourceTree = BUILT_PRODUCTS_DIR; };
		DB2356F52829EA3E00F3A253 /* iQuizTests.swift */ = {isa = PBXFileReference; lastKnownFileType = sourcecode.swift; path = iQuizTests.swift; sourceTree = "<group>"; };
		DB2356FB2829EA3E00F3A253 /* iQuizUITests.xctest */ = {isa = PBXFileReference; explicitFileType = wrapper.cfbundle; includeInIndex = 0; path = iQuizUITests.xctest; sourceTree = BUILT_PRODUCTS_DIR; };
		DB2356FF2829EA3E00F3A253 /* iQuizUITests.swift */ = {isa = PBXFileReference; lastKnownFileType = sourcecode.swift; path = iQuizUITests.swift; sourceTree = "<group>"; };
		DB2357012829EA3E00F3A253 /* iQuizUITestsLaunchTests.swift */ = {isa = PBXFileReference; lastKnownFileType = sourcecode.swift; path = iQuizUITestsLaunchTests.swift; sourceTree = "<group>"; };
		DB94080F282A2E0600C09E7B /* TopicCell.swift */ = {isa = PBXFileReference; lastKnownFileType = sourcecode.swift; path = TopicCell.swift; sourceTree = "<group>"; };
		DB940811282A306F00C09E7B /* TableDataAndDelegate.swift */ = {isa = PBXFileReference; lastKnownFileType = sourcecode.swift; path = TableDataAndDelegate.swift; sourceTree = "<group>"; };
/* End PBXFileReference section */

/* Begin PBXFrameworksBuildPhase section */
		DB2356D82829EA3B00F3A253 /* Frameworks */ = {
			isa = PBXFrameworksBuildPhase;
			buildActionMask = 2147483647;
			files = (
			);
			runOnlyForDeploymentPostprocessing = 0;
		};
		DB2356EE2829EA3E00F3A253 /* Frameworks */ = {
			isa = PBXFrameworksBuildPhase;
			buildActionMask = 2147483647;
			files = (
			);
			runOnlyForDeploymentPostprocessing = 0;
		};
		DB2356F82829EA3E00F3A253 /* Frameworks */ = {
			isa = PBXFrameworksBuildPhase;
			buildActionMask = 2147483647;
			files = (
			);
			runOnlyForDeploymentPostprocessing = 0;
		};
/* End PBXFrameworksBuildPhase section */

/* Begin PBXGroup section */
		DB2356D22829EA3B00F3A253 = {
			isa = PBXGroup;
			children = (
				DB2356DD2829EA3B00F3A253 /* iQuiz */,
				DB2356F42829EA3E00F3A253 /* iQuizTests */,
				DB2356FE2829EA3E00F3A253 /* iQuizUITests */,
				DB2356DC2829EA3B00F3A253 /* Products */,
			);
			sourceTree = "<group>";
		};
		DB2356DC2829EA3B00F3A253 /* Products */ = {
			isa = PBXGroup;
			children = (
				DB2356DB2829EA3B00F3A253 /* iQuiz.app */,
				DB2356F12829EA3E00F3A253 /* iQuizTests.xctest */,
				DB2356FB2829EA3E00F3A253 /* iQuizUITests.xctest */,
			);
			name = Products;
			sourceTree = "<group>";
		};
		DB2356DD2829EA3B00F3A253 /* iQuiz */ = {
			isa = PBXGroup;
			children = (
				DB2356DE2829EA3B00F3A253 /* AppDelegate.swift */,
				DB2356E02829EA3B00F3A253 /* SceneDelegate.swift */,
				DB2356E22829EA3B00F3A253 /* ViewController.swift */,
				DB2356E42829EA3B00F3A253 /* Main.storyboard */,
				DB940811282A306F00C09E7B /* TableDataAndDelegate.swift */,
				DB94080F282A2E0600C09E7B /* TopicCell.swift */,
				DB2356E72829EA3E00F3A253 /* Assets.xcassets */,
				DB2356E92829EA3E00F3A253 /* LaunchScreen.storyboard */,
				DB2356EC2829EA3E00F3A253 /* Info.plist */,
			);
			path = iQuiz;
			sourceTree = "<group>";
		};
		DB2356F42829EA3E00F3A253 /* iQuizTests */ = {
			isa = PBXGroup;
			children = (
				DB2356F52829EA3E00F3A253 /* iQuizTests.swift */,
			);
			path = iQuizTests;
			sourceTree = "<group>";
		};
		DB2356FE2829EA3E00F3A253 /* iQuizUITests */ = {
			isa = PBXGroup;
			children = (
				DB2356FF2829EA3E00F3A253 /* iQuizUITests.swift */,
				DB2357012829EA3E00F3A253 /* iQuizUITestsLaunchTests.swift */,
			);
			path = iQuizUITests;
			sourceTree = "<group>";
		};
/* End PBXGroup section */

/* Begin PBXNativeTarget section */
		DB2356DA2829EA3B00F3A253 /* iQuiz */ = {
			isa = PBXNativeTarget;
			buildConfigurationList = DB2357052829EA3E00F3A253 /* Build configuration list for PBXNativeTarget "iQuiz" */;
			buildPhases = (
				DB2356D72829EA3B00F3A253 /* Sources */,
				DB2356D82829EA3B00F3A253 /* Frameworks */,
				DB2356D92829EA3B00F3A253 /* Resources */,
			);
			buildRules = (
			);
			dependencies = (
			);
			name = iQuiz;
			productName = iQuiz;
			productReference = DB2356DB2829EA3B00F3A253 /* iQuiz.app */;
			productType = "com.apple.product-type.application";
		};
		DB2356F02829EA3E00F3A253 /* iQuizTests */ = {
			isa = PBXNativeTarget;
			buildConfigurationList = DB2357082829EA3E00F3A253 /* Build configuration list for PBXNativeTarget "iQuizTests" */;
			buildPhases = (
				DB2356ED2829EA3E00F3A253 /* Sources */,
				DB2356EE2829EA3E00F3A253 /* Frameworks */,
				DB2356EF2829EA3E00F3A253 /* Resources */,
			);
			buildRules = (
			);
			dependencies = (
				DB2356F32829EA3E00F3A253 /* PBXTargetDependency */,
			);
			name = iQuizTests;
			productName = iQuizTests;
			productReference = DB2356F12829EA3E00F3A253 /* iQuizTests.xctest */;
			productType = "com.apple.product-type.bundle.unit-test";
		};
		DB2356FA2829EA3E00F3A253 /* iQuizUITests */ = {
			isa = PBXNativeTarget;
			buildConfigurationList = DB23570B2829EA3E00F3A253 /* Build configuration list for PBXNativeTarget "iQuizUITests" */;
			buildPhases = (
				DB2356F72829EA3E00F3A253 /* Sources */,
				DB2356F82829EA3E00F3A253 /* Frameworks */,
				DB2356F92829EA3E00F3A253 /* Resources */,
			);
			buildRules = (
			);
			dependencies = (
				DB2356FD2829EA3E00F3A253 /* PBXTargetDependency */,
			);
			name = iQuizUITests;
			productName = iQuizUITests;
			productReference = DB2356FB2829EA3E00F3A253 /* iQuizUITests.xctest */;
			productType = "com.apple.product-type.bundle.ui-testing";
		};
/* End PBXNativeTarget section */

/* Begin PBXProject section */
		DB2356D32829EA3B00F3A253 /* Project object */ = {
			isa = PBXProject;
			attributes = {
				BuildIndependentTargetsInParallel = 1;
				LastSwiftUpdateCheck = 1330;
				LastUpgradeCheck = 1330;
				TargetAttributes = {
					DB2356DA2829EA3B00F3A253 = {
						CreatedOnToolsVersion = 13.3.1;
					};
					DB2356F02829EA3E00F3A253 = {
						CreatedOnToolsVersion = 13.3.1;
						TestTargetID = DB2356DA2829EA3B00F3A253;
					};
					DB2356FA2829EA3E00F3A253 = {
						CreatedOnToolsVersion = 13.3.1;
						TestTargetID = DB2356DA2829EA3B00F3A253;
					};
				};
			};
			buildConfigurationList = DB2356D62829EA3B00F3A253 /* Build configuration list for PBXProject "iQuiz" */;
			compatibilityVersion = "Xcode 13.0";
			developmentRegion = en;
			hasScannedForEncodings = 0;
			knownRegions = (
				en,
				Base,
			);
			mainGroup = DB2356D22829EA3B00F3A253;
			productRefGroup = DB2356DC2829EA3B00F3A253 /* Products */;
			projectDirPath = "";
			projectRoot = "";
			targets = (
				DB2356DA2829EA3B00F3A253 /* iQuiz */,
				DB2356F02829EA3E00F3A253 /* iQuizTests */,
				DB2356FA2829EA3E00F3A253 /* iQuizUITests */,
			);
		};
/* End PBXProject section */

/* Begin PBXResourcesBuildPhase section */
		DB2356D92829EA3B00F3A253 /* Resources */ = {
			isa = PBXResourcesBuildPhase;
			buildActionMask = 2147483647;
			files = (
				DB2356EB2829EA3E00F3A253 /* LaunchScreen.storyboard in Resources */,
				DB2356E82829EA3E00F3A253 /* Assets.xcassets in Resources */,
				DB2356E62829EA3B00F3A253 /* Main.storyboard in Resources */,
			);
			runOnlyForDeploymentPostprocessing = 0;
		};
		DB2356EF2829EA3E00F3A253 /* Resources */ = {
			isa = PBXResourcesBuildPhase;
			buildActionMask = 2147483647;
			files = (
			);
			runOnlyForDeploymentPostprocessing = 0;
		};
		DB2356F92829EA3E00F3A253 /* Resources */ = {
			isa = PBXResourcesBuildPhase;
			buildActionMask = 2147483647;
			files = (
			);
			runOnlyForDeploymentPostprocessing = 0;
		};
/* End PBXResourcesBuildPhase section */

/* Begin PBXSourcesBuildPhase section */
		DB2356D72829EA3B00F3A253 /* Sources */ = {
			isa = PBXSourcesBuildPhase;
			buildActionMask = 2147483647;
			files = (
				DB2356E32829EA3B00F3A253 /* ViewController.swift in Sources */,
				DB940810282A2E0600C09E7B /* TopicCell.swift in Sources */,
				DB2356DF2829EA3B00F3A253 /* AppDelegate.swift in Sources */,
				DB2356E12829EA3B00F3A253 /* SceneDelegate.swift in Sources */,
				DB940812282A306F00C09E7B /* TableDataAndDelegate.swift in Sources */,
			);
			runOnlyForDeploymentPostprocessing = 0;
		};
		DB2356ED2829EA3E00F3A253 /* Sources */ = {
			isa = PBXSourcesBuildPhase;
			buildActionMask = 2147483647;
			files = (
				DB2356F62829EA3E00F3A253 /* iQuizTests.swift in Sources */,
			);
			runOnlyForDeploymentPostprocessing = 0;
		};
		DB2356F72829EA3E00F3A253 /* Sources */ = {
			isa = PBXSourcesBuildPhase;
			buildActionMask = 2147483647;
			files = (
				DB2357002829EA3E00F3A253 /* iQuizUITests.swift in Sources */,
				DB2357022829EA3E00F3A253 /* iQuizUITestsLaunchTests.swift in Sources */,
			);
			runOnlyForDeploymentPostprocessing = 0;
		};
/* End PBXSourcesBuildPhase section */

/* Begin PBXTargetDependency section */
		DB2356F32829EA3E00F3A253 /* PBXTargetDependency */ = {
			isa = PBXTargetDependency;
			target = DB2356DA2829EA3B00F3A253 /* iQuiz */;
			targetProxy = DB2356F22829EA3E00F3A253 /* PBXContainerItemProxy */;
		};
		DB2356FD2829EA3E00F3A253 /* PBXTargetDependency */ = {
			isa = PBXTargetDependency;
			target = DB2356DA2829EA3B00F3A253 /* iQuiz */;
			targetProxy = DB2356FC2829EA3E00F3A253 /* PBXContainerItemProxy */;
		};
/* End PBXTargetDependency section */

/* Begin PBXVariantGroup section */
		DB2356E42829EA3B00F3A253 /* Main.storyboard */ = {
			isa = PBXVariantGroup;
			children = (
				DB2356E52829EA3B00F3A253 /* Base */,
			);
			name = Main.storyboard;
			sourceTree = "<group>";
		};
		DB2356E92829EA3E00F3A253 /* LaunchScreen.storyboard */ = {
			isa = PBXVariantGroup;
			children = (
				DB2356EA2829EA3E00F3A253 /* Base */,
			);
			name = LaunchScreen.storyboard;
			sourceTree = "<group>";
		};
/* End PBXVariantGroup section */

/* Begin XCBuildConfiguration section */
		DB2357032829EA3E00F3A253 /* Debug */ = {
			isa = XCBuildConfiguration;
			buildSettings = {
				ALWAYS_SEARCH_USER_PATHS = NO;
				CLANG_ANALYZER_NONNULL = YES;
				CLANG_ANALYZER_NUMBER_OBJECT_CONVERSION = YES_AGGRESSIVE;
				CLANG_CXX_LANGUAGE_STANDARD = "gnu++17";
				CLANG_ENABLE_MODULES = YES;
				CLANG_ENABLE_OBJC_ARC = YES;
				CLANG_ENABLE_OBJC_WEAK = YES;
				CLANG_WARN_BLOCK_CAPTURE_AUTORELEASING = YES;
				CLANG_WARN_BOOL_CONVERSION = YES;
				CLANG_WARN_COMMA = YES;
				CLANG_WARN_CONSTANT_CONVERSION = YES;
				CLANG_WARN_DEPRECATED_OBJC_IMPLEMENTATIONS = YES;
				CLANG_WARN_DIRECT_OBJC_ISA_USAGE = YES_ERROR;
				CLANG_WARN_DOCUMENTATION_COMMENTS = YES;
				CLANG_WARN_EMPTY_BODY = YES;
				CLANG_WARN_ENUM_CONVERSION = YES;
				CLANG_WARN_INFINITE_RECURSION = YES;
				CLANG_WARN_INT_CONVERSION = YES;
				CLANG_WARN_NON_LITERAL_NULL_CONVERSION = YES;
				CLANG_WARN_OBJC_IMPLICIT_RETAIN_SELF = YES;
				CLANG_WARN_OBJC_LITERAL_CONVERSION = YES;
				CLANG_WARN_OBJC_ROOT_CLASS = YES_ERROR;
				CLANG_WARN_QUOTED_INCLUDE_IN_FRAMEWORK_HEADER = YES;
				CLANG_WARN_RANGE_LOOP_ANALYSIS = YES;
				CLANG_WARN_STRICT_PROTOTYPES = YES;
				CLANG_WARN_SUSPICIOUS_MOVE = YES;
				CLANG_WARN_UNGUARDED_AVAILABILITY = YES_AGGRESSIVE;
				CLANG_WARN_UNREACHABLE_CODE = YES;
				CLANG_WARN__DUPLICATE_METHOD_MATCH = YES;
				COPY_PHASE_STRIP = NO;
				DEBUG_INFORMATION_FORMAT = dwarf;
				ENABLE_STRICT_OBJC_MSGSEND = YES;
				ENABLE_TESTABILITY = YES;
				GCC_C_LANGUAGE_STANDARD = gnu11;
				GCC_DYNAMIC_NO_PIC = NO;
				GCC_NO_COMMON_BLOCKS = YES;
				GCC_OPTIMIZATION_LEVEL = 0;
				GCC_PREPROCESSOR_DEFINITIONS = (
					"DEBUG=1",
					"$(inherited)",
				);
				GCC_WARN_64_TO_32_BIT_CONVERSION = YES;
				GCC_WARN_ABOUT_RETURN_TYPE = YES_ERROR;
				GCC_WARN_UNDECLARED_SELECTOR = YES;
				GCC_WARN_UNINITIALIZED_AUTOS = YES_AGGRESSIVE;
				GCC_WARN_UNUSED_FUNCTION = YES;
				GCC_WARN_UNUSED_VARIABLE = YES;
				IPHONEOS_DEPLOYMENT_TARGET = 15.4;
				MTL_ENABLE_DEBUG_INFO = INCLUDE_SOURCE;
				MTL_FAST_MATH = YES;
				ONLY_ACTIVE_ARCH = YES;
				SDKROOT = iphoneos;
				SWIFT_ACTIVE_COMPILATION_CONDITIONS = DEBUG;
				SWIFT_OPTIMIZATION_LEVEL = "-Onone";
			};
			name = Debug;
		};
		DB2357042829EA3E00F3A253 /* Release */ = {
			isa = XCBuildConfiguration;
			buildSettings = {
				ALWAYS_SEARCH_USER_PATHS = NO;
				CLANG_ANALYZER_NONNULL = YES;
				CLANG_ANALYZER_NUMBER_OBJECT_CONVERSION = YES_AGGRESSIVE;
				CLANG_CXX_LANGUAGE_STANDARD = "gnu++17";
				CLANG_ENABLE_MODULES = YES;
				CLANG_ENABLE_OBJC_ARC = YES;
				CLANG_ENABLE_OBJC_WEAK = YES;
				CLANG_WARN_BLOCK_CAPTURE_AUTORELEASING = YES;
				CLANG_WARN_BOOL_CONVERSION = YES;
				CLANG_WARN_COMMA = YES;
				CLANG_WARN_CONSTANT_CONVERSION = YES;
				CLANG_WARN_DEPRECATED_OBJC_IMPLEMENTATIONS = YES;
				CLANG_WARN_DIRECT_OBJC_ISA_USAGE = YES_ERROR;
				CLANG_WARN_DOCUMENTATION_COMMENTS = YES;
				CLANG_WARN_EMPTY_BODY = YES;
				CLANG_WARN_ENUM_CONVERSION = YES;
				CLANG_WARN_INFINITE_RECURSION = YES;
				CLANG_WARN_INT_CONVERSION = YES;
				CLANG_WARN_NON_LITERAL_NULL_CONVERSION = YES;
				CLANG_WARN_OBJC_IMPLICIT_RETAIN_SELF = YES;
				CLANG_WARN_OBJC_LITERAL_CONVERSION = YES;
				CLANG_WARN_OBJC_ROOT_CLASS = YES_ERROR;
				CLANG_WARN_QUOTED_INCLUDE_IN_FRAMEWORK_HEADER = YES;
				CLANG_WARN_RANGE_LOOP_ANALYSIS = YES;
				CLANG_WARN_STRICT_PROTOTYPES = YES;
				CLANG_WARN_SUSPICIOUS_MOVE = YES;
				CLANG_WARN_UNGUARDED_AVAILABILITY = YES_AGGRESSIVE;
				CLANG_WARN_UNREACHABLE_CODE = YES;
				CLANG_WARN__DUPLICATE_METHOD_MATCH = YES;
				COPY_PHASE_STRIP = NO;
				DEBUG_INFORMATION_FORMAT = "dwarf-with-dsym";
				ENABLE_NS_ASSERTIONS = NO;
				ENABLE_STRICT_OBJC_MSGSEND = YES;
				GCC_C_LANGUAGE_STANDARD = gnu11;
				GCC_NO_COMMON_BLOCKS = YES;
				GCC_WARN_64_TO_32_BIT_CONVERSION = YES;
				GCC_WARN_ABOUT_RETURN_TYPE = YES_ERROR;
				GCC_WARN_UNDECLARED_SELECTOR = YES;
				GCC_WARN_UNINITIALIZED_AUTOS = YES_AGGRESSIVE;
				GCC_WARN_UNUSED_FUNCTION = YES;
				GCC_WARN_UNUSED_VARIABLE = YES;
				IPHONEOS_DEPLOYMENT_TARGET = 15.4;
				MTL_ENABLE_DEBUG_INFO = NO;
				MTL_FAST_MATH = YES;
				SDKROOT = iphoneos;
				SWIFT_COMPILATION_MODE = wholemodule;
				SWIFT_OPTIMIZATION_LEVEL = "-O";
				VALIDATE_PRODUCT = YES;
			};
			name = Release;
		};
		DB2357062829EA3E00F3A253 /* Debug */ = {
			isa = XCBuildConfiguration;
			buildSettings = {
				ASSETCATALOG_COMPILER_APPICON_NAME = AppIcon;
				ASSETCATALOG_COMPILER_GLOBAL_ACCENT_COLOR_NAME = AccentColor;
				CODE_SIGN_STYLE = Automatic;
				CURRENT_PROJECT_VERSION = 1;
				DEVELOPMENT_TEAM = P5JVBM662U;
				GENERATE_INFOPLIST_FILE = YES;
				INFOPLIST_FILE = iQuiz/Info.plist;
				INFOPLIST_KEY_UIApplicationSupportsIndirectInputEvents = YES;
				INFOPLIST_KEY_UILaunchStoryboardName = LaunchScreen;
				INFOPLIST_KEY_UIMainStoryboardFile = Main;
				INFOPLIST_KEY_UISupportedInterfaceOrientations_iPad = "UIInterfaceOrientationPortrait UIInterfaceOrientationPortraitUpsideDown UIInterfaceOrientationLandscapeLeft UIInterfaceOrientationLandscapeRight";
				INFOPLIST_KEY_UISupportedInterfaceOrientations_iPhone = "UIInterfaceOrientationPortrait UIInterfaceOrientationLandscapeLeft UIInterfaceOrientationLandscapeRight";
				LD_RUNPATH_SEARCH_PATHS = (
					"$(inherited)",
					"@executable_path/Frameworks",
				);
				MARKETING_VERSION = 1.0;
				PRODUCT_BUNDLE_IDENTIFIER = com.mako.iQuiz;
				PRODUCT_NAME = "$(TARGET_NAME)";
				SWIFT_EMIT_LOC_STRINGS = YES;
				SWIFT_VERSION = 5.0;
				TARGETED_DEVICE_FAMILY = "1,2";
			};
			name = Debug;
		};
		DB2357072829EA3E00F3A253 /* Release */ = {
			isa = XCBuildConfiguration;
			buildSettings = {
				ASSETCATALOG_COMPILER_APPICON_NAME = AppIcon;
				ASSETCATALOG_COMPILER_GLOBAL_ACCENT_COLOR_NAME = AccentColor;
				CODE_SIGN_STYLE = Automatic;
				CURRENT_PROJECT_VERSION = 1;
				DEVELOPMENT_TEAM = P5JVBM662U;
				GENERATE_INFOPLIST_FILE = YES;
				INFOPLIST_FILE = iQuiz/Info.plist;
				INFOPLIST_KEY_UIApplicationSupportsIndirectInputEvents = YES;
				INFOPLIST_KEY_UILaunchStoryboardName = LaunchScreen;
				INFOPLIST_KEY_UIMainStoryboardFile = Main;
				INFOPLIST_KEY_UISupportedInterfaceOrientations_iPad = "UIInterfaceOrientationPortrait UIInterfaceOrientationPortraitUpsideDown UIInterfaceOrientationLandscapeLeft UIInterfaceOrientationLandscapeRight";
				INFOPLIST_KEY_UISupportedInterfaceOrientations_iPhone = "UIInterfaceOrientationPortrait UIInterfaceOrientationLandscapeLeft UIInterfaceOrientationLandscapeRight";
				LD_RUNPATH_SEARCH_PATHS = (
					"$(inherited)",
					"@executable_path/Frameworks",
				);
				MARKETING_VERSION = 1.0;
				PRODUCT_BUNDLE_IDENTIFIER = com.mako.iQuiz;
				PRODUCT_NAME = "$(TARGET_NAME)";
				SWIFT_EMIT_LOC_STRINGS = YES;
				SWIFT_VERSION = 5.0;
				TARGETED_DEVICE_FAMILY = "1,2";
			};
			name = Release;
		};
		DB2357092829EA3E00F3A253 /* Debug */ = {
			isa = XCBuildConfiguration;
			buildSettings = {
				ALWAYS_EMBED_SWIFT_STANDARD_LIBRARIES = YES;
				BUNDLE_LOADER = "$(TEST_HOST)";
				CODE_SIGN_STYLE = Automatic;
				CURRENT_PROJECT_VERSION = 1;
				DEVELOPMENT_TEAM = P5JVBM662U;
				GENERATE_INFOPLIST_FILE = YES;
				IPHONEOS_DEPLOYMENT_TARGET = 15.4;
				MARKETING_VERSION = 1.0;
				PRODUCT_BUNDLE_IDENTIFIER = com.mako.iQuizTests;
				PRODUCT_NAME = "$(TARGET_NAME)";
				SWIFT_EMIT_LOC_STRINGS = NO;
				SWIFT_VERSION = 5.0;
				TARGETED_DEVICE_FAMILY = "1,2";
				TEST_HOST = "$(BUILT_PRODUCTS_DIR)/iQuiz.app/iQuiz";
			};
			name = Debug;
		};
		DB23570A2829EA3E00F3A253 /* Release */ = {
			isa = XCBuildConfiguration;
			buildSettings = {
				ALWAYS_EMBED_SWIFT_STANDARD_LIBRARIES = YES;
				BUNDLE_LOADER = "$(TEST_HOST)";
				CODE_SIGN_STYLE = Automatic;
				CURRENT_PROJECT_VERSION = 1;
				DEVELOPMENT_TEAM = P5JVBM662U;
				GENERATE_INFOPLIST_FILE = YES;
				IPHONEOS_DEPLOYMENT_TARGET = 15.4;
				MARKETING_VERSION = 1.0;
				PRODUCT_BUNDLE_IDENTIFIER = com.mako.iQuizTests;
				PRODUCT_NAME = "$(TARGET_NAME)";
				SWIFT_EMIT_LOC_STRINGS = NO;
				SWIFT_VERSION = 5.0;
				TARGETED_DEVICE_FAMILY = "1,2";
				TEST_HOST = "$(BUILT_PRODUCTS_DIR)/iQuiz.app/iQuiz";
			};
			name = Release;
		};
		DB23570C2829EA3E00F3A253 /* Debug */ = {
			isa = XCBuildConfiguration;
			buildSettings = {
				ALWAYS_EMBED_SWIFT_STANDARD_LIBRARIES = YES;
				CODE_SIGN_STYLE = Automatic;
				CURRENT_PROJECT_VERSION = 1;
				DEVELOPMENT_TEAM = P5JVBM662U;
				GENERATE_INFOPLIST_FILE = YES;
				MARKETING_VERSION = 1.0;
				PRODUCT_BUNDLE_IDENTIFIER = com.mako.iQuizUITests;
				PRODUCT_NAME = "$(TARGET_NAME)";
				SWIFT_EMIT_LOC_STRINGS = NO;
				SWIFT_VERSION = 5.0;
				TARGETED_DEVICE_FAMILY = "1,2";
				TEST_TARGET_NAME = iQuiz;
			};
			name = Debug;
		};
		DB23570D2829EA3E00F3A253 /* Release */ = {
			isa = XCBuildConfiguration;
			buildSettings = {
				ALWAYS_EMBED_SWIFT_STANDARD_LIBRARIES = YES;
				CODE_SIGN_STYLE = Automatic;
				CURRENT_PROJECT_VERSION = 1;
				DEVELOPMENT_TEAM = P5JVBM662U;
				GENERATE_INFOPLIST_FILE = YES;
				MARKETING_VERSION = 1.0;
				PRODUCT_BUNDLE_IDENTIFIER = com.mako.iQuizUITests;
				PRODUCT_NAME = "$(TARGET_NAME)";
				SWIFT_EMIT_LOC_STRINGS = NO;
				SWIFT_VERSION = 5.0;
				TARGETED_DEVICE_FAMILY = "1,2";
				TEST_TARGET_NAME = iQuiz;
			};
			name = Release;
		};
/* End XCBuildConfiguration section */

/* Begin XCConfigurationList section */
		DB2356D62829EA3B00F3A253 /* Build configuration list for PBXProject "iQuiz" */ = {
			isa = XCConfigurationList;
			buildConfigurations = (
				DB2357032829EA3E00F3A253 /* Debug */,
				DB2357042829EA3E00F3A253 /* Release */,
			);
			defaultConfigurationIsVisible = 0;
			defaultConfigurationName = Release;
		};
		DB2357052829EA3E00F3A253 /* Build configuration list for PBXNativeTarget "iQuiz" */ = {
			isa = XCConfigurationList;
			buildConfigurations = (
				DB2357062829EA3E00F3A253 /* Debug */,
				DB2357072829EA3E00F3A253 /* Release */,
			);
			defaultConfigurationIsVisible = 0;
			defaultConfigurationName = Release;
		};
		DB2357082829EA3E00F3A253 /* Build configuration list for PBXNativeTarget "iQuizTests" */ = {
			isa = XCConfigurationList;
			buildConfigurations = (
				DB2357092829EA3E00F3A253 /* Debug */,
				DB23570A2829EA3E00F3A253 /* Release */,
			);
			defaultConfigurationIsVisible = 0;
			defaultConfigurationName = Release;
		};
		DB23570B2829EA3E00F3A253 /* Build configuration list for PBXNativeTarget "iQuizUITests" */ = {
			isa = XCConfigurationList;
			buildConfigurations = (
				DB23570C2829EA3E00F3A253 /* Debug */,
				DB23570D2829EA3E00F3A253 /* Release */,
			);
			defaultConfigurationIsVisible = 0;
			defaultConfigurationName = Release;
		};
/* End XCConfigurationList section */
	};
	rootObject = DB2356D32829EA3B00F3A253 /* Project object */;
}
